// !$*UTF8*$!
{
	archiveVersion = 1;
	classes = {
	};
	objectVersion = 46;
	objects = {

/* Begin PBXBuildFile section */
		33647E3B1912F7CB006DFFFA /* MPPotentialFieldController.cpp in Sources */ = {isa = PBXBuildFile; fileRef = 33647E391912F7CB006DFFFA /* MPPotentialFieldController.cpp */; };
		33FBB3681906D9F7002635EC /* MPAction6D.cpp in Sources */ = {isa = PBXBuildFile; fileRef = 33FBB3661906D9F7002635EC /* MPAction6D.cpp */; };
		D416ED3918EEEC0300993BAF /* Cocoa.framework in Frameworks */ = {isa = PBXBuildFile; fileRef = D416ED3818EEEC0300993BAF /* Cocoa.framework */; };
		D416ED4518EEEC0300993BAF /* main.m in Sources */ = {isa = PBXBuildFile; fileRef = D416ED4418EEEC0300993BAF /* main.m */; };
		D416ED4C18EEEC0300993BAF /* MPAppDelegate.m in Sources */ = {isa = PBXBuildFile; fileRef = D416ED4B18EEEC0300993BAF /* MPAppDelegate.m */; };
		D416ED4F18EEEC0300993BAF /* MainMenu.xib in Resources */ = {isa = PBXBuildFile; fileRef = D416ED4D18EEEC0300993BAF /* MainMenu.xib */; };
		D416ED6D18EEED2600993BAF /* OpenGL.framework in Frameworks */ = {isa = PBXBuildFile; fileRef = D416ED6C18EEED2600993BAF /* OpenGL.framework */; };
		D416ED6F18EEED2B00993BAF /* GLKit.framework in Frameworks */ = {isa = PBXBuildFile; fileRef = D416ED6E18EEED2B00993BAF /* GLKit.framework */; };
		D416EDA118EEED3D00993BAF /* BHGLAnimatedObject.m in Sources */ = {isa = PBXBuildFile; fileRef = D416ED7318EEED3D00993BAF /* BHGLAnimatedObject.m */; };
		D416EDA218EEED3D00993BAF /* BHGLAnimation.m in Sources */ = {isa = PBXBuildFile; fileRef = D416ED7518EEED3D00993BAF /* BHGLAnimation.m */; };
		D416EDA318EEED3D00993BAF /* BHGLBasicAnimation.m in Sources */ = {isa = PBXBuildFile; fileRef = D416ED7718EEED3D00993BAF /* BHGLBasicAnimation.m */; };
		D416EDA418EEED3D00993BAF /* BHGLCamera.m in Sources */ = {isa = PBXBuildFile; fileRef = D416ED7918EEED3D00993BAF /* BHGLCamera.m */; };
		D416EDA518EEED3D00993BAF /* BHGLCUtils.c in Sources */ = {isa = PBXBuildFile; fileRef = D416ED7A18EEED3D00993BAF /* BHGLCUtils.c */; };
		D416EDA618EEED3D00993BAF /* BHGLKeyframeAnimation.m in Sources */ = {isa = PBXBuildFile; fileRef = D416ED7D18EEED3D00993BAF /* BHGLKeyframeAnimation.m */; };
		D416EDA718EEED3D00993BAF /* BHGLLight.m in Sources */ = {isa = PBXBuildFile; fileRef = D416ED7F18EEED3D00993BAF /* BHGLLight.m */; };
		D416EDA818EEED3D00993BAF /* BHGLMaterial.m in Sources */ = {isa = PBXBuildFile; fileRef = D416ED8118EEED3D00993BAF /* BHGLMaterial.m */; };
		D416EDA918EEED3D00993BAF /* BHGLMesh.m in Sources */ = {isa = PBXBuildFile; fileRef = D416ED8418EEED3D00993BAF /* BHGLMesh.m */; };
		D416EDAA18EEED3D00993BAF /* BHGLModelNode.m in Sources */ = {isa = PBXBuildFile; fileRef = D416ED8618EEED3D00993BAF /* BHGLModelNode.m */; };
		D416EDAB18EEED3D00993BAF /* BHGLNode.m in Sources */ = {isa = PBXBuildFile; fileRef = D416ED8818EEED3D00993BAF /* BHGLNode.m */; };
		D416EDAC18EEED3D00993BAF /* BHGLProgram.m in Sources */ = {isa = PBXBuildFile; fileRef = D416ED8A18EEED3D00993BAF /* BHGLProgram.m */; };
		D416EDAD18EEED3D00993BAF /* BHGLScene.m in Sources */ = {isa = PBXBuildFile; fileRef = D416ED8D18EEED3D00993BAF /* BHGLScene.m */; };
		D416EDAE18EEED3D00993BAF /* BHGLTextNode.m in Sources */ = {isa = PBXBuildFile; fileRef = D416ED8F18EEED3D00993BAF /* BHGLTextNode.m */; };
		D416EDAF18EEED3D00993BAF /* BHGLTexture.m in Sources */ = {isa = PBXBuildFile; fileRef = D416ED9118EEED3D00993BAF /* BHGLTexture.m */; };
		D416EDB018EEED3D00993BAF /* NSValue+BHGLTypes.m in Sources */ = {isa = PBXBuildFile; fileRef = D416ED9418EEED3D00993BAF /* NSValue+BHGLTypes.m */; };
		D416EDC218EEEEC800993BAF /* MPGLView.mm in Sources */ = {isa = PBXBuildFile; fileRef = D416EDC118EEEEC800993BAF /* MPGLView.mm */; };
		D416EDC918EEF00F00993BAF /* MPScene.mm in Sources */ = {isa = PBXBuildFile; fileRef = D416EDC818EEF00F00993BAF /* MPScene.mm */; };
		D416EDCC18EF168900993BAF /* MPModelNode.mm in Sources */ = {isa = PBXBuildFile; fileRef = D416EDCB18EF168900993BAF /* MPModelNode.mm */; };
		D416EE0418EF1EBE00993BAF /* lighting.fsh in Resources */ = {isa = PBXBuildFile; fileRef = D416EE0218EF1EBE00993BAF /* lighting.fsh */; };
		D416EE0518EF1EBE00993BAF /* lighting.vsh in Resources */ = {isa = PBXBuildFile; fileRef = D416EE0318EF1EBE00993BAF /* lighting.vsh */; };
		D416EEC818F4BDFD00993BAF /* BHGLView.m in Sources */ = {isa = PBXBuildFile; fileRef = D416EEC718F4BDFD00993BAF /* BHGLView.m */; };
		D416EECA18F4BE6D00993BAF /* QuartzCore.framework in Frameworks */ = {isa = PBXBuildFile; fileRef = D416EEC918F4BE6D00993BAF /* QuartzCore.framework */; };
		D445A35F1906BD0000E183DF /* sandstone.jpg in Resources */ = {isa = PBXBuildFile; fileRef = D445A35E1906BD0000E183DF /* sandstone.jpg */; };
		D49B374C1912F0FF002EF51D /* MPStaticScene.mm in Sources */ = {isa = PBXBuildFile; fileRef = D49B374B1912F0FF002EF51D /* MPStaticScene.mm */; };
		D49B374F19132512002EF51D /* MPDynamicScene.mm in Sources */ = {isa = PBXBuildFile; fileRef = D49B374E19132512002EF51D /* MPDynamicScene.mm */; };
		D4A79DC118FF8B96005B4D57 /* MPDijkstra3D.cpp in Sources */ = {isa = PBXBuildFile; fileRef = D4A79DA618FF8B96005B4D57 /* MPDijkstra3D.cpp */; };
		D4A79DC318FF8B96005B4D57 /* MPEnvironment3D.cpp in Sources */ = {isa = PBXBuildFile; fileRef = D4A79DAC18FF8B96005B4D57 /* MPEnvironment3D.cpp */; };
		D4A79DC418FF8B96005B4D57 /* MPMesh.c in Sources */ = {isa = PBXBuildFile; fileRef = D4A79DB218FF8B96005B4D57 /* MPMesh.c */; };
		D4A79DC518FF8B96005B4D57 /* MPModel.cpp in Sources */ = {isa = PBXBuildFile; fileRef = D4A79DB418FF8B96005B4D57 /* MPModel.cpp */; };
		D4A79DC618FF8B96005B4D57 /* MPReader.cpp in Sources */ = {isa = PBXBuildFile; fileRef = D4A79DB718FF8B96005B4D57 /* MPReader.cpp */; };
		D4A79DC718FF8B96005B4D57 /* MPTokenizer.cpp in Sources */ = {isa = PBXBuildFile; fileRef = D4A79DBB18FF8B96005B4D57 /* MPTokenizer.cpp */; };
		D4A79DC818FF8B96005B4D57 /* MPTransform3D.cpp in Sources */ = {isa = PBXBuildFile; fileRef = D4A79DBD18FF8B96005B4D57 /* MPTransform3D.cpp */; };
		D4F24EA918F97CF6002F3CB0 /* MPCube.mm in Sources */ = {isa = PBXBuildFile; fileRef = D4F24EA818F97CF6002F3CB0 /* MPCube.mm */; };
		D4F24EAC18F98913002F3CB0 /* MPPathNode.mm in Sources */ = {isa = PBXBuildFile; fileRef = D4F24EAB18F98913002F3CB0 /* MPPathNode.mm */; };
/* End PBXBuildFile section */

/* Begin PBXFileReference section */
		33647E391912F7CB006DFFFA /* MPPotentialFieldController.cpp */ = {isa = PBXFileReference; fileEncoding = 4; lastKnownFileType = sourcecode.cpp.cpp; name = MPPotentialFieldController.cpp; path = ../../src/MPPotentialFieldController.cpp; sourceTree = "<group>"; };
		33647E3A1912F7CB006DFFFA /* MPPotentialFieldController.h */ = {isa = PBXFileReference; fileEncoding = 4; lastKnownFileType = sourcecode.c.h; name = MPPotentialFieldController.h; path = ../../src/MPPotentialFieldController.h; sourceTree = "<group>"; };
		33FBB3651906D9F7002635EC /* MPAction.h */ = {isa = PBXFileReference; fileEncoding = 4; lastKnownFileType = sourcecode.c.h; name = MPAction.h; path = ../../src/MPAction.h; sourceTree = "<group>"; };
		33FBB3661906D9F7002635EC /* MPAction6D.cpp */ = {isa = PBXFileReference; fileEncoding = 4; lastKnownFileType = sourcecode.cpp.cpp; name = MPAction6D.cpp; path = ../../src/MPAction6D.cpp; sourceTree = "<group>"; };
		33FBB3671906D9F7002635EC /* MPAction6D.h */ = {isa = PBXFileReference; fileEncoding = 4; lastKnownFileType = sourcecode.c.h; name = MPAction6D.h; path = ../../src/MPAction6D.h; sourceTree = "<group>"; };
		D416ED3518EEEC0300993BAF /* MotionPlanner.app */ = {isa = PBXFileReference; explicitFileType = wrapper.application; includeInIndex = 0; path = MotionPlanner.app; sourceTree = BUILT_PRODUCTS_DIR; };
		D416ED3818EEEC0300993BAF /* Cocoa.framework */ = {isa = PBXFileReference; lastKnownFileType = wrapper.framework; name = Cocoa.framework; path = System/Library/Frameworks/Cocoa.framework; sourceTree = SDKROOT; };
		D416ED3B18EEEC0300993BAF /* AppKit.framework */ = {isa = PBXFileReference; lastKnownFileType = wrapper.framework; name = AppKit.framework; path = System/Library/Frameworks/AppKit.framework; sourceTree = SDKROOT; };
		D416ED3C18EEEC0300993BAF /* CoreData.framework */ = {isa = PBXFileReference; lastKnownFileType = wrapper.framework; name = CoreData.framework; path = System/Library/Frameworks/CoreData.framework; sourceTree = SDKROOT; };
		D416ED3D18EEEC0300993BAF /* Foundation.framework */ = {isa = PBXFileReference; lastKnownFileType = wrapper.framework; name = Foundation.framework; path = System/Library/Frameworks/Foundation.framework; sourceTree = SDKROOT; };
		D416ED4018EEEC0300993BAF /* MotionPlanner-Info.plist */ = {isa = PBXFileReference; lastKnownFileType = text.plist.xml; path = "MotionPlanner-Info.plist"; sourceTree = "<group>"; };
		D416ED4418EEEC0300993BAF /* main.m */ = {isa = PBXFileReference; lastKnownFileType = sourcecode.c.objc; path = main.m; sourceTree = "<group>"; };
		D416ED4618EEEC0300993BAF /* MotionPlanner-Prefix.pch */ = {isa = PBXFileReference; lastKnownFileType = sourcecode.c.h; path = "MotionPlanner-Prefix.pch"; sourceTree = "<group>"; };
		D416ED4A18EEEC0300993BAF /* MPAppDelegate.h */ = {isa = PBXFileReference; lastKnownFileType = sourcecode.c.h; path = MPAppDelegate.h; sourceTree = "<group>"; };
		D416ED4B18EEEC0300993BAF /* MPAppDelegate.m */ = {isa = PBXFileReference; lastKnownFileType = sourcecode.c.objc; path = MPAppDelegate.m; sourceTree = "<group>"; };
		D416ED4E18EEEC0300993BAF /* Base */ = {isa = PBXFileReference; lastKnownFileType = file.xib; name = Base; path = Base.lproj/MainMenu.xib; sourceTree = "<group>"; };
		D416ED5718EEEC0300993BAF /* XCTest.framework */ = {isa = PBXFileReference; lastKnownFileType = wrapper.framework; name = XCTest.framework; path = Library/Frameworks/XCTest.framework; sourceTree = DEVELOPER_DIR; };
		D416ED6C18EEED2600993BAF /* OpenGL.framework */ = {isa = PBXFileReference; lastKnownFileType = wrapper.framework; name = OpenGL.framework; path = System/Library/Frameworks/OpenGL.framework; sourceTree = SDKROOT; };
		D416ED6E18EEED2B00993BAF /* GLKit.framework */ = {isa = PBXFileReference; lastKnownFileType = wrapper.framework; name = GLKit.framework; path = System/Library/Frameworks/GLKit.framework; sourceTree = SDKROOT; };
		D416ED7118EEED3D00993BAF /* BHGL.h */ = {isa = PBXFileReference; fileEncoding = 4; lastKnownFileType = sourcecode.c.h; name = BHGL.h; path = ../BHGL/BHGL.h; sourceTree = "<group>"; };
		D416ED7218EEED3D00993BAF /* BHGLAnimatedObject.h */ = {isa = PBXFileReference; fileEncoding = 4; lastKnownFileType = sourcecode.c.h; name = BHGLAnimatedObject.h; path = ../BHGL/BHGLAnimatedObject.h; sourceTree = "<group>"; };
		D416ED7318EEED3D00993BAF /* BHGLAnimatedObject.m */ = {isa = PBXFileReference; fileEncoding = 4; lastKnownFileType = sourcecode.c.objc; name = BHGLAnimatedObject.m; path = ../BHGL/BHGLAnimatedObject.m; sourceTree = "<group>"; };
		D416ED7418EEED3D00993BAF /* BHGLAnimation.h */ = {isa = PBXFileReference; fileEncoding = 4; lastKnownFileType = sourcecode.c.h; name = BHGLAnimation.h; path = ../BHGL/BHGLAnimation.h; sourceTree = "<group>"; };
		D416ED7518EEED3D00993BAF /* BHGLAnimation.m */ = {isa = PBXFileReference; fileEncoding = 4; lastKnownFileType = sourcecode.c.objc; name = BHGLAnimation.m; path = ../BHGL/BHGLAnimation.m; sourceTree = "<group>"; };
		D416ED7618EEED3D00993BAF /* BHGLBasicAnimation.h */ = {isa = PBXFileReference; fileEncoding = 4; lastKnownFileType = sourcecode.c.h; name = BHGLBasicAnimation.h; path = ../BHGL/BHGLBasicAnimation.h; sourceTree = "<group>"; };
		D416ED7718EEED3D00993BAF /* BHGLBasicAnimation.m */ = {isa = PBXFileReference; fileEncoding = 4; lastKnownFileType = sourcecode.c.objc; name = BHGLBasicAnimation.m; path = ../BHGL/BHGLBasicAnimation.m; sourceTree = "<group>"; };
		D416ED7818EEED3D00993BAF /* BHGLCamera.h */ = {isa = PBXFileReference; fileEncoding = 4; lastKnownFileType = sourcecode.c.h; name = BHGLCamera.h; path = ../BHGL/BHGLCamera.h; sourceTree = "<group>"; };
		D416ED7918EEED3D00993BAF /* BHGLCamera.m */ = {isa = PBXFileReference; fileEncoding = 4; lastKnownFileType = sourcecode.c.objc; name = BHGLCamera.m; path = ../BHGL/BHGLCamera.m; sourceTree = "<group>"; };
		D416ED7A18EEED3D00993BAF /* BHGLCUtils.c */ = {isa = PBXFileReference; fileEncoding = 4; lastKnownFileType = sourcecode.c.c; name = BHGLCUtils.c; path = ../BHGL/BHGLCUtils.c; sourceTree = "<group>"; };
		D416ED7B18EEED3D00993BAF /* BHGLCUtils.h */ = {isa = PBXFileReference; fileEncoding = 4; lastKnownFileType = sourcecode.c.h; name = BHGLCUtils.h; path = ../BHGL/BHGLCUtils.h; sourceTree = "<group>"; };
		D416ED7C18EEED3D00993BAF /* BHGLKeyframeAnimation.h */ = {isa = PBXFileReference; fileEncoding = 4; lastKnownFileType = sourcecode.c.h; name = BHGLKeyframeAnimation.h; path = ../BHGL/BHGLKeyframeAnimation.h; sourceTree = "<group>"; };
		D416ED7D18EEED3D00993BAF /* BHGLKeyframeAnimation.m */ = {isa = PBXFileReference; fileEncoding = 4; lastKnownFileType = sourcecode.c.objc; name = BHGLKeyframeAnimation.m; path = ../BHGL/BHGLKeyframeAnimation.m; sourceTree = "<group>"; };
		D416ED7E18EEED3D00993BAF /* BHGLLight.h */ = {isa = PBXFileReference; fileEncoding = 4; lastKnownFileType = sourcecode.c.h; name = BHGLLight.h; path = ../BHGL/BHGLLight.h; sourceTree = "<group>"; };
		D416ED7F18EEED3D00993BAF /* BHGLLight.m */ = {isa = PBXFileReference; fileEncoding = 4; lastKnownFileType = sourcecode.c.objc; name = BHGLLight.m; path = ../BHGL/BHGLLight.m; sourceTree = "<group>"; };
		D416ED8018EEED3D00993BAF /* BHGLMaterial.h */ = {isa = PBXFileReference; fileEncoding = 4; lastKnownFileType = sourcecode.c.h; name = BHGLMaterial.h; path = ../BHGL/BHGLMaterial.h; sourceTree = "<group>"; };
		D416ED8118EEED3D00993BAF /* BHGLMaterial.m */ = {isa = PBXFileReference; fileEncoding = 4; lastKnownFileType = sourcecode.c.objc; name = BHGLMaterial.m; path = ../BHGL/BHGLMaterial.m; sourceTree = "<group>"; };
		D416ED8218EEED3D00993BAF /* BHGLMath.h */ = {isa = PBXFileReference; fileEncoding = 4; lastKnownFileType = sourcecode.c.h; name = BHGLMath.h; path = ../BHGL/BHGLMath.h; sourceTree = "<group>"; };
		D416ED8318EEED3D00993BAF /* BHGLMesh.h */ = {isa = PBXFileReference; fileEncoding = 4; lastKnownFileType = sourcecode.c.h; name = BHGLMesh.h; path = ../BHGL/BHGLMesh.h; sourceTree = "<group>"; };
		D416ED8418EEED3D00993BAF /* BHGLMesh.m */ = {isa = PBXFileReference; fileEncoding = 4; lastKnownFileType = sourcecode.c.objc; name = BHGLMesh.m; path = ../BHGL/BHGLMesh.m; sourceTree = "<group>"; };
		D416ED8518EEED3D00993BAF /* BHGLModelNode.h */ = {isa = PBXFileReference; fileEncoding = 4; lastKnownFileType = sourcecode.c.h; name = BHGLModelNode.h; path = ../BHGL/BHGLModelNode.h; sourceTree = "<group>"; };
		D416ED8618EEED3D00993BAF /* BHGLModelNode.m */ = {isa = PBXFileReference; fileEncoding = 4; lastKnownFileType = sourcecode.c.objc; name = BHGLModelNode.m; path = ../BHGL/BHGLModelNode.m; sourceTree = "<group>"; };
		D416ED8718EEED3D00993BAF /* BHGLNode.h */ = {isa = PBXFileReference; fileEncoding = 4; lastKnownFileType = sourcecode.c.h; name = BHGLNode.h; path = ../BHGL/BHGLNode.h; sourceTree = "<group>"; };
		D416ED8818EEED3D00993BAF /* BHGLNode.m */ = {isa = PBXFileReference; fileEncoding = 4; lastKnownFileType = sourcecode.c.objc; name = BHGLNode.m; path = ../BHGL/BHGLNode.m; sourceTree = "<group>"; };
		D416ED8918EEED3D00993BAF /* BHGLProgram.h */ = {isa = PBXFileReference; fileEncoding = 4; lastKnownFileType = sourcecode.c.h; name = BHGLProgram.h; path = ../BHGL/BHGLProgram.h; sourceTree = "<group>"; };
		D416ED8A18EEED3D00993BAF /* BHGLProgram.m */ = {isa = PBXFileReference; fileEncoding = 4; lastKnownFileType = sourcecode.c.objc; name = BHGLProgram.m; path = ../BHGL/BHGLProgram.m; sourceTree = "<group>"; };
		D416ED8B18EEED3D00993BAF /* BHGLRenderedObject.h */ = {isa = PBXFileReference; fileEncoding = 4; lastKnownFileType = sourcecode.c.h; name = BHGLRenderedObject.h; path = ../BHGL/BHGLRenderedObject.h; sourceTree = "<group>"; };
		D416ED8C18EEED3D00993BAF /* BHGLScene.h */ = {isa = PBXFileReference; fileEncoding = 4; lastKnownFileType = sourcecode.c.h; name = BHGLScene.h; path = ../BHGL/BHGLScene.h; sourceTree = "<group>"; };
		D416ED8D18EEED3D00993BAF /* BHGLScene.m */ = {isa = PBXFileReference; fileEncoding = 4; lastKnownFileType = sourcecode.c.objc; name = BHGLScene.m; path = ../BHGL/BHGLScene.m; sourceTree = "<group>"; };
		D416ED8E18EEED3D00993BAF /* BHGLTextNode.h */ = {isa = PBXFileReference; fileEncoding = 4; lastKnownFileType = sourcecode.c.h; name = BHGLTextNode.h; path = ../BHGL/BHGLTextNode.h; sourceTree = "<group>"; };
		D416ED8F18EEED3D00993BAF /* BHGLTextNode.m */ = {isa = PBXFileReference; fileEncoding = 4; lastKnownFileType = sourcecode.c.objc; name = BHGLTextNode.m; path = ../BHGL/BHGLTextNode.m; sourceTree = "<group>"; };
		D416ED9018EEED3D00993BAF /* BHGLTexture.h */ = {isa = PBXFileReference; fileEncoding = 4; lastKnownFileType = sourcecode.c.h; name = BHGLTexture.h; path = ../BHGL/BHGLTexture.h; sourceTree = "<group>"; };
		D416ED9118EEED3D00993BAF /* BHGLTexture.m */ = {isa = PBXFileReference; fileEncoding = 4; lastKnownFileType = sourcecode.c.objc; name = BHGLTexture.m; path = ../BHGL/BHGLTexture.m; sourceTree = "<group>"; };
		D416ED9218EEED3D00993BAF /* BHGLTypes.h */ = {isa = PBXFileReference; fileEncoding = 4; lastKnownFileType = sourcecode.c.h; name = BHGLTypes.h; path = ../BHGL/BHGLTypes.h; sourceTree = "<group>"; };
		D416ED9318EEED3D00993BAF /* NSValue+BHGLTypes.h */ = {isa = PBXFileReference; fileEncoding = 4; lastKnownFileType = sourcecode.c.h; name = "NSValue+BHGLTypes.h"; path = "../BHGL/NSValue+BHGLTypes.h"; sourceTree = "<group>"; };
		D416ED9418EEED3D00993BAF /* NSValue+BHGLTypes.m */ = {isa = PBXFileReference; fileEncoding = 4; lastKnownFileType = sourcecode.c.objc; name = "NSValue+BHGLTypes.m"; path = "../BHGL/NSValue+BHGLTypes.m"; sourceTree = "<group>"; };
		D416EDC018EEEEC800993BAF /* MPGLView.h */ = {isa = PBXFileReference; fileEncoding = 4; lastKnownFileType = sourcecode.c.h; path = MPGLView.h; sourceTree = "<group>"; };
		D416EDC118EEEEC800993BAF /* MPGLView.mm */ = {isa = PBXFileReference; fileEncoding = 4; lastKnownFileType = sourcecode.cpp.objcpp; path = MPGLView.mm; sourceTree = "<group>"; };
		D416EDC718EEF00F00993BAF /* MPScene.h */ = {isa = PBXFileReference; fileEncoding = 4; lastKnownFileType = sourcecode.c.h; path = MPScene.h; sourceTree = "<group>"; };
		D416EDC818EEF00F00993BAF /* MPScene.mm */ = {isa = PBXFileReference; fileEncoding = 4; lastKnownFileType = sourcecode.cpp.objcpp; path = MPScene.mm; sourceTree = "<group>"; };
		D416EDCA18EF168900993BAF /* MPModelNode.h */ = {isa = PBXFileReference; fileEncoding = 4; lastKnownFileType = sourcecode.c.h; path = MPModelNode.h; sourceTree = "<group>"; };
		D416EDCB18EF168900993BAF /* MPModelNode.mm */ = {isa = PBXFileReference; fileEncoding = 4; lastKnownFileType = sourcecode.cpp.objcpp; path = MPModelNode.mm; sourceTree = "<group>"; };
		D416EDF918EF1A2B00993BAF /* ConversionUtils.h */ = {isa = PBXFileReference; fileEncoding = 4; lastKnownFileType = sourcecode.c.h; path = ConversionUtils.h; sourceTree = "<group>"; };
		D416EE0218EF1EBE00993BAF /* lighting.fsh */ = {isa = PBXFileReference; fileEncoding = 4; lastKnownFileType = sourcecode.glsl; name = lighting.fsh; path = MotionPlanner/lighting.fsh; sourceTree = SOURCE_ROOT; };
		D416EE0318EF1EBE00993BAF /* lighting.vsh */ = {isa = PBXFileReference; fileEncoding = 4; lastKnownFileType = sourcecode.glsl; name = lighting.vsh; path = MotionPlanner/lighting.vsh; sourceTree = SOURCE_ROOT; };
		D416EEC618F4BDFD00993BAF /* BHGLView.h */ = {isa = PBXFileReference; fileEncoding = 4; lastKnownFileType = sourcecode.c.h; name = BHGLView.h; path = ../BHGL/BHGLView.h; sourceTree = "<group>"; };
		D416EEC718F4BDFD00993BAF /* BHGLView.m */ = {isa = PBXFileReference; fileEncoding = 4; lastKnownFileType = sourcecode.c.objc; name = BHGLView.m; path = ../BHGL/BHGLView.m; sourceTree = "<group>"; };
		D416EEC918F4BE6D00993BAF /* QuartzCore.framework */ = {isa = PBXFileReference; lastKnownFileType = wrapper.framework; name = QuartzCore.framework; path = System/Library/Frameworks/QuartzCore.framework; sourceTree = SDKROOT; };
		D445A35E1906BD0000E183DF /* sandstone.jpg */ = {isa = PBXFileReference; lastKnownFileType = image.jpeg; name = sandstone.jpg; path = MotionPlanner/sandstone.jpg; sourceTree = SOURCE_ROOT; };
		D49B374A1912F0FF002EF51D /* MPStaticScene.h */ = {isa = PBXFileReference; fileEncoding = 4; lastKnownFileType = sourcecode.c.h; path = MPStaticScene.h; sourceTree = "<group>"; };
		D49B374B1912F0FF002EF51D /* MPStaticScene.mm */ = {isa = PBXFileReference; fileEncoding = 4; lastKnownFileType = sourcecode.cpp.objcpp; path = MPStaticScene.mm; sourceTree = "<group>"; };
		D49B374D19132512002EF51D /* MPDynamicScene.h */ = {isa = PBXFileReference; fileEncoding = 4; lastKnownFileType = sourcecode.c.h; path = MPDynamicScene.h; sourceTree = "<group>"; };
		D49B374E19132512002EF51D /* MPDynamicScene.mm */ = {isa = PBXFileReference; fileEncoding = 4; lastKnownFileType = sourcecode.cpp.objcpp; path = MPDynamicScene.mm; sourceTree = "<group>"; };
		D49B3763191E8D35002EF51D /* MPMotion.h */ = {isa = PBXFileReference; fileEncoding = 4; lastKnownFileType = sourcecode.c.h; name = MPMotion.h; path = ../../src/MPMotion.h; sourceTree = "<group>"; };
		D4A79DA518FF8B96005B4D57 /* MPAStarPlanner.h */ = {isa = PBXFileReference; fileEncoding = 4; lastKnownFileType = sourcecode.c.h; name = MPAStarPlanner.h; path = ../../src/MPAStarPlanner.h; sourceTree = "<group>"; };
		D4A79DA618FF8B96005B4D57 /* MPDijkstra3D.cpp */ = {isa = PBXFileReference; fileEncoding = 4; lastKnownFileType = sourcecode.cpp.cpp; name = MPDijkstra3D.cpp; path = ../../src/MPDijkstra3D.cpp; sourceTree = "<group>"; };
		D4A79DA718FF8B96005B4D57 /* MPDijkstra3D.h */ = {isa = PBXFileReference; fileEncoding = 4; lastKnownFileType = sourcecode.c.h; name = MPDijkstra3D.h; path = ../../src/MPDijkstra3D.h; sourceTree = "<group>"; };
		D4A79DA818FF8B96005B4D57 /* MPDijkstraPlanner.h */ = {isa = PBXFileReference; fileEncoding = 4; lastKnownFileType = sourcecode.c.h; name = MPDijkstraPlanner.h; path = ../../src/MPDijkstraPlanner.h; sourceTree = "<group>"; };
		D4A79DA918FF8B96005B4D57 /* MPEnvironment.h */ = {isa = PBXFileReference; fileEncoding = 4; lastKnownFileType = sourcecode.c.h; name = MPEnvironment.h; path = ../../src/MPEnvironment.h; sourceTree = "<group>"; };
		D4A79DAC18FF8B96005B4D57 /* MPEnvironment3D.cpp */ = {isa = PBXFileReference; fileEncoding = 4; lastKnownFileType = sourcecode.cpp.cpp; name = MPEnvironment3D.cpp; path = ../../src/MPEnvironment3D.cpp; sourceTree = "<group>"; };
		D4A79DAD18FF8B96005B4D57 /* MPEnvironment3D.h */ = {isa = PBXFileReference; fileEncoding = 4; lastKnownFileType = sourcecode.c.h; name = MPEnvironment3D.h; path = ../../src/MPEnvironment3D.h; sourceTree = "<group>"; };
		D4A79DAE18FF8B96005B4D57 /* MPFloat.h */ = {isa = PBXFileReference; fileEncoding = 4; lastKnownFileType = sourcecode.c.h; name = MPFloat.h; path = ../../src/MPFloat.h; sourceTree = "<group>"; };
		D4A79DAF18FF8B96005B4D57 /* MPHashTable.h */ = {isa = PBXFileReference; fileEncoding = 4; lastKnownFileType = sourcecode.c.h; name = MPHashTable.h; path = ../../src/MPHashTable.h; sourceTree = "<group>"; };
		D4A79DB018FF8B96005B4D57 /* MPHeap.h */ = {isa = PBXFileReference; fileEncoding = 4; lastKnownFileType = sourcecode.c.h; name = MPHeap.h; path = ../../src/MPHeap.h; sourceTree = "<group>"; };
		D4A79DB118FF8B96005B4D57 /* MPMath.h */ = {isa = PBXFileReference; fileEncoding = 4; lastKnownFileType = sourcecode.c.h; name = MPMath.h; path = ../../src/MPMath.h; sourceTree = "<group>"; };
		D4A79DB218FF8B96005B4D57 /* MPMesh.c */ = {isa = PBXFileReference; fileEncoding = 4; lastKnownFileType = sourcecode.c.c; name = MPMesh.c; path = ../../src/MPMesh.c; sourceTree = "<group>"; };
		D4A79DB318FF8B96005B4D57 /* MPMesh.h */ = {isa = PBXFileReference; fileEncoding = 4; lastKnownFileType = sourcecode.c.h; name = MPMesh.h; path = ../../src/MPMesh.h; sourceTree = "<group>"; };
		D4A79DB418FF8B96005B4D57 /* MPModel.cpp */ = {isa = PBXFileReference; fileEncoding = 4; lastKnownFileType = sourcecode.cpp.cpp; name = MPModel.cpp; path = ../../src/MPModel.cpp; sourceTree = "<group>"; };
		D4A79DB518FF8B96005B4D57 /* MPModel.h */ = {isa = PBXFileReference; fileEncoding = 4; lastKnownFileType = sourcecode.c.h; name = MPModel.h; path = ../../src/MPModel.h; sourceTree = "<group>"; };
		D4A79DB618FF8B96005B4D57 /* MPPlanner.h */ = {isa = PBXFileReference; fileEncoding = 4; lastKnownFileType = sourcecode.c.h; name = MPPlanner.h; path = ../../src/MPPlanner.h; sourceTree = "<group>"; };
		D4A79DB718FF8B96005B4D57 /* MPReader.cpp */ = {isa = PBXFileReference; fileEncoding = 4; lastKnownFileType = sourcecode.cpp.cpp; name = MPReader.cpp; path = ../../src/MPReader.cpp; sourceTree = "<group>"; };
		D4A79DB818FF8B96005B4D57 /* MPReader.h */ = {isa = PBXFileReference; fileEncoding = 4; lastKnownFileType = sourcecode.c.h; name = MPReader.h; path = ../../src/MPReader.h; sourceTree = "<group>"; };
		D4A79DB918FF8B96005B4D57 /* MPSearchState.h */ = {isa = PBXFileReference; fileEncoding = 4; lastKnownFileType = sourcecode.c.h; name = MPSearchState.h; path = ../../src/MPSearchState.h; sourceTree = "<group>"; };
		D4A79DBA18FF8B96005B4D57 /* MPTimer.h */ = {isa = PBXFileReference; fileEncoding = 4; lastKnownFileType = sourcecode.c.h; name = MPTimer.h; path = ../../src/MPTimer.h; sourceTree = "<group>"; };
		D4A79DBB18FF8B96005B4D57 /* MPTokenizer.cpp */ = {isa = PBXFileReference; fileEncoding = 4; lastKnownFileType = sourcecode.cpp.cpp; name = MPTokenizer.cpp; path = ../../src/MPTokenizer.cpp; sourceTree = "<group>"; };
		D4A79DBC18FF8B96005B4D57 /* MPTokenizer.h */ = {isa = PBXFileReference; fileEncoding = 4; lastKnownFileType = sourcecode.c.h; name = MPTokenizer.h; path = ../../src/MPTokenizer.h; sourceTree = "<group>"; };
		D4A79DBD18FF8B96005B4D57 /* MPTransform3D.cpp */ = {isa = PBXFileReference; fileEncoding = 4; lastKnownFileType = sourcecode.cpp.cpp; name = MPTransform3D.cpp; path = ../../src/MPTransform3D.cpp; sourceTree = "<group>"; };
		D4A79DBE18FF8B96005B4D57 /* MPTransform3D.h */ = {isa = PBXFileReference; fileEncoding = 4; lastKnownFileType = sourcecode.c.h; name = MPTransform3D.h; path = ../../src/MPTransform3D.h; sourceTree = "<group>"; };
		D4A79DBF18FF8B96005B4D57 /* MPUtils.h */ = {isa = PBXFileReference; fileEncoding = 4; lastKnownFileType = sourcecode.c.h; name = MPUtils.h; path = ../../src/MPUtils.h; sourceTree = "<group>"; };
		D4F24EA718F97CF6002F3CB0 /* MPCube.h */ = {isa = PBXFileReference; fileEncoding = 4; lastKnownFileType = sourcecode.c.h; path = MPCube.h; sourceTree = "<group>"; };
		D4F24EA818F97CF6002F3CB0 /* MPCube.mm */ = {isa = PBXFileReference; fileEncoding = 4; lastKnownFileType = sourcecode.cpp.objcpp; path = MPCube.mm; sourceTree = "<group>"; };
		D4F24EAA18F98913002F3CB0 /* MPPathNode.h */ = {isa = PBXFileReference; fileEncoding = 4; lastKnownFileType = sourcecode.c.h; path = MPPathNode.h; sourceTree = "<group>"; };
		D4F24EAB18F98913002F3CB0 /* MPPathNode.mm */ = {isa = PBXFileReference; fileEncoding = 4; lastKnownFileType = sourcecode.cpp.objcpp; path = MPPathNode.mm; sourceTree = "<group>"; };
/* End PBXFileReference section */

/* Begin PBXFrameworksBuildPhase section */
		D416ED3218EEEC0300993BAF /* Frameworks */ = {
			isa = PBXFrameworksBuildPhase;
			buildActionMask = 2147483647;
			files = (
				D416EECA18F4BE6D00993BAF /* QuartzCore.framework in Frameworks */,
				D416ED6F18EEED2B00993BAF /* GLKit.framework in Frameworks */,
				D416ED6D18EEED2600993BAF /* OpenGL.framework in Frameworks */,
				D416ED3918EEEC0300993BAF /* Cocoa.framework in Frameworks */,
			);
			runOnlyForDeploymentPostprocessing = 0;
		};
/* End PBXFrameworksBuildPhase section */

/* Begin PBXGroup section */
		D416ED2C18EEEC0300993BAF = {
			isa = PBXGroup;
			children = (
				D416ED7018EEED3300993BAF /* BHGL */,
				D416EDEB18EF19D000993BAF /* MotionPlannerSrc */,
				D416ED3E18EEEC0300993BAF /* MotionPlanner */,
				D416ED3718EEEC0300993BAF /* Frameworks */,
				D416ED3618EEEC0300993BAF /* Products */,
			);
			sourceTree = "<group>";
		};
		D416ED3618EEEC0300993BAF /* Products */ = {
			isa = PBXGroup;
			children = (
				D416ED3518EEEC0300993BAF /* MotionPlanner.app */,
			);
			name = Products;
			sourceTree = "<group>";
		};
		D416ED3718EEEC0300993BAF /* Frameworks */ = {
			isa = PBXGroup;
			children = (
				D416EEC918F4BE6D00993BAF /* QuartzCore.framework */,
				D416ED6E18EEED2B00993BAF /* GLKit.framework */,
				D416ED6C18EEED2600993BAF /* OpenGL.framework */,
				D416ED3818EEEC0300993BAF /* Cocoa.framework */,
				D416ED5718EEEC0300993BAF /* XCTest.framework */,
				D416ED3A18EEEC0300993BAF /* Other Frameworks */,
			);
			name = Frameworks;
			sourceTree = "<group>";
		};
		D416ED3A18EEEC0300993BAF /* Other Frameworks */ = {
			isa = PBXGroup;
			children = (
				D416ED3B18EEEC0300993BAF /* AppKit.framework */,
				D416ED3C18EEEC0300993BAF /* CoreData.framework */,
				D416ED3D18EEEC0300993BAF /* Foundation.framework */,
			);
			name = "Other Frameworks";
			sourceTree = "<group>";
		};
		D416ED3E18EEEC0300993BAF /* MotionPlanner */ = {
			isa = PBXGroup;
			children = (
				D416ED4A18EEEC0300993BAF /* MPAppDelegate.h */,
				D416ED4B18EEEC0300993BAF /* MPAppDelegate.m */,
				D416EDF918EF1A2B00993BAF /* ConversionUtils.h */,
				D416ED4D18EEEC0300993BAF /* MainMenu.xib */,
				D416EDC018EEEEC800993BAF /* MPGLView.h */,
				D416EDC118EEEEC800993BAF /* MPGLView.mm */,
				D416EDC318EEEFE100993BAF /* nodes */,
				D416EE0118EF1EB500993BAF /* resources */,
				D416ED3F18EEEC0300993BAF /* Supporting Files */,
			);
			path = MotionPlanner;
			sourceTree = "<group>";
		};
		D416ED3F18EEEC0300993BAF /* Supporting Files */ = {
			isa = PBXGroup;
			children = (
				D416ED4018EEEC0300993BAF /* MotionPlanner-Info.plist */,
				D416ED4418EEEC0300993BAF /* main.m */,
				D416ED4618EEEC0300993BAF /* MotionPlanner-Prefix.pch */,
			);
			name = "Supporting Files";
			sourceTree = "<group>";
		};
		D416ED7018EEED3300993BAF /* BHGL */ = {
			isa = PBXGroup;
			children = (
				D416ED7118EEED3D00993BAF /* BHGL.h */,
				D416ED7218EEED3D00993BAF /* BHGLAnimatedObject.h */,
				D416ED7318EEED3D00993BAF /* BHGLAnimatedObject.m */,
				D416ED7418EEED3D00993BAF /* BHGLAnimation.h */,
				D416ED7518EEED3D00993BAF /* BHGLAnimation.m */,
				D416ED7618EEED3D00993BAF /* BHGLBasicAnimation.h */,
				D416ED7718EEED3D00993BAF /* BHGLBasicAnimation.m */,
				D416ED7818EEED3D00993BAF /* BHGLCamera.h */,
				D416ED7918EEED3D00993BAF /* BHGLCamera.m */,
				D416ED7A18EEED3D00993BAF /* BHGLCUtils.c */,
				D416ED7B18EEED3D00993BAF /* BHGLCUtils.h */,
				D416ED7C18EEED3D00993BAF /* BHGLKeyframeAnimation.h */,
				D416ED7D18EEED3D00993BAF /* BHGLKeyframeAnimation.m */,
				D416ED7E18EEED3D00993BAF /* BHGLLight.h */,
				D416ED7F18EEED3D00993BAF /* BHGLLight.m */,
				D416ED8018EEED3D00993BAF /* BHGLMaterial.h */,
				D416ED8118EEED3D00993BAF /* BHGLMaterial.m */,
				D416ED8218EEED3D00993BAF /* BHGLMath.h */,
				D416ED8318EEED3D00993BAF /* BHGLMesh.h */,
				D416ED8418EEED3D00993BAF /* BHGLMesh.m */,
				D416ED8518EEED3D00993BAF /* BHGLModelNode.h */,
				D416ED8618EEED3D00993BAF /* BHGLModelNode.m */,
				D416ED8718EEED3D00993BAF /* BHGLNode.h */,
				D416ED8818EEED3D00993BAF /* BHGLNode.m */,
				D416ED8918EEED3D00993BAF /* BHGLProgram.h */,
				D416ED8A18EEED3D00993BAF /* BHGLProgram.m */,
				D416ED8B18EEED3D00993BAF /* BHGLRenderedObject.h */,
				D416ED8C18EEED3D00993BAF /* BHGLScene.h */,
				D416ED8D18EEED3D00993BAF /* BHGLScene.m */,
				D416ED8E18EEED3D00993BAF /* BHGLTextNode.h */,
				D416ED8F18EEED3D00993BAF /* BHGLTextNode.m */,
				D416ED9018EEED3D00993BAF /* BHGLTexture.h */,
				D416ED9118EEED3D00993BAF /* BHGLTexture.m */,
				D416ED9218EEED3D00993BAF /* BHGLTypes.h */,
				D416ED9318EEED3D00993BAF /* NSValue+BHGLTypes.h */,
				D416ED9418EEED3D00993BAF /* NSValue+BHGLTypes.m */,
				D416EEC618F4BDFD00993BAF /* BHGLView.h */,
				D416EEC718F4BDFD00993BAF /* BHGLView.m */,
			);
			name = BHGL;
			sourceTree = "<group>";
		};
		D416EDC318EEEFE100993BAF /* nodes */ = {
			isa = PBXGroup;
			children = (
				D416EDC718EEF00F00993BAF /* MPScene.h */,
				D416EDC818EEF00F00993BAF /* MPScene.mm */,
				D49B374A1912F0FF002EF51D /* MPStaticScene.h */,
				D49B374B1912F0FF002EF51D /* MPStaticScene.mm */,
				D49B374D19132512002EF51D /* MPDynamicScene.h */,
				D49B374E19132512002EF51D /* MPDynamicScene.mm */,
				D416EDCA18EF168900993BAF /* MPModelNode.h */,
				D416EDCB18EF168900993BAF /* MPModelNode.mm */,
				D4F24EAA18F98913002F3CB0 /* MPPathNode.h */,
				D4F24EAB18F98913002F3CB0 /* MPPathNode.mm */,
				D4F24EA718F97CF6002F3CB0 /* MPCube.h */,
				D4F24EA818F97CF6002F3CB0 /* MPCube.mm */,
			);
			path = nodes;
			sourceTree = "<group>";
		};
		D416EDEB18EF19D000993BAF /* MotionPlannerSrc */ = {
			isa = PBXGroup;
			children = (
				D4A79DA518FF8B96005B4D57 /* MPAStarPlanner.h */,
				D4A79DA618FF8B96005B4D57 /* MPDijkstra3D.cpp */,
				D4A79DA718FF8B96005B4D57 /* MPDijkstra3D.h */,
				D4A79DA818FF8B96005B4D57 /* MPDijkstraPlanner.h */,
				D4A79DA918FF8B96005B4D57 /* MPEnvironment.h */,
				D4A79DAC18FF8B96005B4D57 /* MPEnvironment3D.cpp */,
				D4A79DAD18FF8B96005B4D57 /* MPEnvironment3D.h */,
				D4A79DAE18FF8B96005B4D57 /* MPFloat.h */,
				D4A79DAF18FF8B96005B4D57 /* MPHashTable.h */,
				D4A79DB018FF8B96005B4D57 /* MPHeap.h */,
				D4A79DB118FF8B96005B4D57 /* MPMath.h */,
				D4A79DB218FF8B96005B4D57 /* MPMesh.c */,
				D4A79DB318FF8B96005B4D57 /* MPMesh.h */,
				D4A79DB418FF8B96005B4D57 /* MPModel.cpp */,
				D4A79DB518FF8B96005B4D57 /* MPModel.h */,
				D49B3763191E8D35002EF51D /* MPMotion.h */,
				D4A79DB618FF8B96005B4D57 /* MPPlanner.h */,
				D4A79DB718FF8B96005B4D57 /* MPReader.cpp */,
				D4A79DB818FF8B96005B4D57 /* MPReader.h */,
				D4A79DB918FF8B96005B4D57 /* MPSearchState.h */,
				D4A79DBA18FF8B96005B4D57 /* MPTimer.h */,
				D4A79DBB18FF8B96005B4D57 /* MPTokenizer.cpp */,
				D4A79DBC18FF8B96005B4D57 /* MPTokenizer.h */,
				D4A79DBD18FF8B96005B4D57 /* MPTransform3D.cpp */,
				D4A79DBE18FF8B96005B4D57 /* MPTransform3D.h */,
				D4A79DBF18FF8B96005B4D57 /* MPUtils.h */,
				33FBB3651906D9F7002635EC /* MPAction.h */,
				33FBB3661906D9F7002635EC /* MPAction6D.cpp */,
				33FBB3671906D9F7002635EC /* MPAction6D.h */,
				33647E391912F7CB006DFFFA /* MPPotentialFieldController.cpp */,
				33647E3A1912F7CB006DFFFA /* MPPotentialFieldController.h */,
			);
			name = MotionPlannerSrc;
			sourceTree = "<group>";
		};
		D416EE0118EF1EB500993BAF /* resources */ = {
			isa = PBXGroup;
			children = (
				D445A35E1906BD0000E183DF /* sandstone.jpg */,
				D416EE0218EF1EBE00993BAF /* lighting.fsh */,
				D416EE0318EF1EBE00993BAF /* lighting.vsh */,
			);
			name = resources;
			path = nodes;
			sourceTree = "<group>";
		};
/* End PBXGroup section */

/* Begin PBXNativeTarget section */
		D416ED3418EEEC0300993BAF /* MotionPlanner */ = {
			isa = PBXNativeTarget;
			buildConfigurationList = D416ED6618EEEC0300993BAF /* Build configuration list for PBXNativeTarget "MotionPlanner" */;
			buildPhases = (
				D416ED3118EEEC0300993BAF /* Sources */,
				D416ED3218EEEC0300993BAF /* Frameworks */,
				D416ED3318EEEC0300993BAF /* Resources */,
			);
			buildRules = (
			);
			dependencies = (
			);
			name = MotionPlanner;
			productName = MotionPlanner;
			productReference = D416ED3518EEEC0300993BAF /* MotionPlanner.app */;
			productType = "com.apple.product-type.application";
		};
/* End PBXNativeTarget section */

/* Begin PBXProject section */
		D416ED2D18EEEC0300993BAF /* Project object */ = {
			isa = PBXProject;
			attributes = {
				CLASSPREFIX = MP;
				LastUpgradeCheck = 0510;
				ORGANIZATIONNAME = "Brockenhaus Studio";
			};
			buildConfigurationList = D416ED3018EEEC0300993BAF /* Build configuration list for PBXProject "MotionPlanner" */;
			compatibilityVersion = "Xcode 3.2";
			developmentRegion = English;
			hasScannedForEncodings = 0;
			knownRegions = (
				en,
				Base,
			);
			mainGroup = D416ED2C18EEEC0300993BAF;
			productRefGroup = D416ED3618EEEC0300993BAF /* Products */;
			projectDirPath = "";
			projectRoot = "";
			targets = (
				D416ED3418EEEC0300993BAF /* MotionPlanner */,
			);
		};
/* End PBXProject section */

/* Begin PBXResourcesBuildPhase section */
		D416ED3318EEEC0300993BAF /* Resources */ = {
			isa = PBXResourcesBuildPhase;
			buildActionMask = 2147483647;
			files = (
				D416EE0418EF1EBE00993BAF /* lighting.fsh in Resources */,
				D416EE0518EF1EBE00993BAF /* lighting.vsh in Resources */,
				D416ED4F18EEEC0300993BAF /* MainMenu.xib in Resources */,
				D445A35F1906BD0000E183DF /* sandstone.jpg in Resources */,
			);
			runOnlyForDeploymentPostprocessing = 0;
		};
/* End PBXResourcesBuildPhase section */

/* Begin PBXSourcesBuildPhase section */
		D416ED3118EEEC0300993BAF /* Sources */ = {
			isa = PBXSourcesBuildPhase;
			buildActionMask = 2147483647;
			files = (
				D416EDC218EEEEC800993BAF /* MPGLView.mm in Sources */,
				D416ED4518EEEC0300993BAF /* main.m in Sources */,
				D49B374F19132512002EF51D /* MPDynamicScene.mm in Sources */,
				D416EDAE18EEED3D00993BAF /* BHGLTextNode.m in Sources */,
				D416EEC818F4BDFD00993BAF /* BHGLView.m in Sources */,
				D416EDAF18EEED3D00993BAF /* BHGLTexture.m in Sources */,
				D4F24EAC18F98913002F3CB0 /* MPPathNode.mm in Sources */,
				D416EDAD18EEED3D00993BAF /* BHGLScene.m in Sources */,
				D416EDAC18EEED3D00993BAF /* BHGLProgram.m in Sources */,
				D416EDC918EEF00F00993BAF /* MPScene.mm in Sources */,
				D416EDA918EEED3D00993BAF /* BHGLMesh.m in Sources */,
				D4A79DC518FF8B96005B4D57 /* MPModel.cpp in Sources */,
				D416EDAB18EEED3D00993BAF /* BHGLNode.m in Sources */,
				D4A79DC818FF8B96005B4D57 /* MPTransform3D.cpp in Sources */,
				D4A79DC318FF8B96005B4D57 /* MPEnvironment3D.cpp in Sources */,
				D4F24EA918F97CF6002F3CB0 /* MPCube.mm in Sources */,
				D416ED4C18EEEC0300993BAF /* MPAppDelegate.m in Sources */,
				D416EDA118EEED3D00993BAF /* BHGLAnimatedObject.m in Sources */,
				D4A79DC118FF8B96005B4D57 /* MPDijkstra3D.cpp in Sources */,
				D416EDA818EEED3D00993BAF /* BHGLMaterial.m in Sources */,
				D416EDA618EEED3D00993BAF /* BHGLKeyframeAnimation.m in Sources */,
				D416EDAA18EEED3D00993BAF /* BHGLModelNode.m in Sources */,
				33647E3B1912F7CB006DFFFA /* MPPotentialFieldController.cpp in Sources */,
				D4A79DC418FF8B96005B4D57 /* MPMesh.c in Sources */,
				D416EDA418EEED3D00993BAF /* BHGLCamera.m in Sources */,
				D4A79DC718FF8B96005B4D57 /* MPTokenizer.cpp in Sources */,
				D49B374C1912F0FF002EF51D /* MPStaticScene.mm in Sources */,
				D416EDCC18EF168900993BAF /* MPModelNode.mm in Sources */,
				D416EDA718EEED3D00993BAF /* BHGLLight.m in Sources */,
				33FBB3681906D9F7002635EC /* MPAction6D.cpp in Sources */,
				D416EDA218EEED3D00993BAF /* BHGLAnimation.m in Sources */,
				D4A79DC618FF8B96005B4D57 /* MPReader.cpp in Sources */,
				D416EDA518EEED3D00993BAF /* BHGLCUtils.c in Sources */,
				D416EDA318EEED3D00993BAF /* BHGLBasicAnimation.m in Sources */,
				D416EDB018EEED3D00993BAF /* NSValue+BHGLTypes.m in Sources */,
			);
			runOnlyForDeploymentPostprocessing = 0;
		};
/* End PBXSourcesBuildPhase section */

/* Begin PBXVariantGroup section */
		D416ED4D18EEEC0300993BAF /* MainMenu.xib */ = {
			isa = PBXVariantGroup;
			children = (
				D416ED4E18EEEC0300993BAF /* Base */,
			);
			name = MainMenu.xib;
			sourceTree = "<group>";
		};
/* End PBXVariantGroup section */

/* Begin XCBuildConfiguration section */
		D416ED6418EEEC0300993BAF /* Debug */ = {
			isa = XCBuildConfiguration;
			buildSettings = {
				ALWAYS_SEARCH_USER_PATHS = NO;
				CLANG_CXX_LANGUAGE_STANDARD = "gnu++0x";
				CLANG_CXX_LIBRARY = "libc++";
				CLANG_ENABLE_MODULES = YES;
				CLANG_ENABLE_OBJC_ARC = YES;
				CLANG_WARN_BOOL_CONVERSION = YES;
				CLANG_WARN_CONSTANT_CONVERSION = YES;
				CLANG_WARN_DIRECT_OBJC_ISA_USAGE = YES_ERROR;
				CLANG_WARN_EMPTY_BODY = YES;
				CLANG_WARN_ENUM_CONVERSION = YES;
				CLANG_WARN_INT_CONVERSION = YES;
				CLANG_WARN_OBJC_ROOT_CLASS = YES_ERROR;
				CLANG_WARN__DUPLICATE_METHOD_MATCH = YES;
				COPY_PHASE_STRIP = NO;
				GCC_C_LANGUAGE_STANDARD = gnu99;
				GCC_DYNAMIC_NO_PIC = NO;
				GCC_ENABLE_OBJC_EXCEPTIONS = YES;
				GCC_OPTIMIZATION_LEVEL = 0;
				GCC_PREPROCESSOR_DEFINITIONS = (
					"DEBUG=1",
					"$(inherited)",
				);
				GCC_SYMBOLS_PRIVATE_EXTERN = NO;
				GCC_WARN_64_TO_32_BIT_CONVERSION = YES;
				GCC_WARN_ABOUT_RETURN_TYPE = YES_ERROR;
				GCC_WARN_UNDECLARED_SELECTOR = YES;
				GCC_WARN_UNINITIALIZED_AUTOS = YES_AGGRESSIVE;
				GCC_WARN_UNUSED_FUNCTION = YES;
				GCC_WARN_UNUSED_VARIABLE = YES;
				MACOSX_DEPLOYMENT_TARGET = 10.8;
				ONLY_ACTIVE_ARCH = YES;
				SDKROOT = macosx10.8;
			};
			name = Debug;
		};
		D416ED6518EEEC0300993BAF /* Release */ = {
			isa = XCBuildConfiguration;
			buildSettings = {
				ALWAYS_SEARCH_USER_PATHS = NO;
				CLANG_CXX_LANGUAGE_STANDARD = "gnu++0x";
				CLANG_CXX_LIBRARY = "libc++";
				CLANG_ENABLE_MODULES = YES;
				CLANG_ENABLE_OBJC_ARC = YES;
				CLANG_WARN_BOOL_CONVERSION = YES;
				CLANG_WARN_CONSTANT_CONVERSION = YES;
				CLANG_WARN_DIRECT_OBJC_ISA_USAGE = YES_ERROR;
				CLANG_WARN_EMPTY_BODY = YES;
				CLANG_WARN_ENUM_CONVERSION = YES;
				CLANG_WARN_INT_CONVERSION = YES;
				CLANG_WARN_OBJC_ROOT_CLASS = YES_ERROR;
				CLANG_WARN__DUPLICATE_METHOD_MATCH = YES;
				COPY_PHASE_STRIP = YES;
				DEBUG_INFORMATION_FORMAT = "dwarf-with-dsym";
				ENABLE_NS_ASSERTIONS = NO;
				GCC_C_LANGUAGE_STANDARD = gnu99;
				GCC_ENABLE_OBJC_EXCEPTIONS = YES;
				GCC_WARN_64_TO_32_BIT_CONVERSION = YES;
				GCC_WARN_ABOUT_RETURN_TYPE = YES_ERROR;
				GCC_WARN_UNDECLARED_SELECTOR = YES;
				GCC_WARN_UNINITIALIZED_AUTOS = YES_AGGRESSIVE;
				GCC_WARN_UNUSED_FUNCTION = YES;
				GCC_WARN_UNUSED_VARIABLE = YES;
				MACOSX_DEPLOYMENT_TARGET = 10.8;
				SDKROOT = macosx10.8;
			};
			name = Release;
		};
		D416ED6718EEEC0300993BAF /* Debug */ = {
			isa = XCBuildConfiguration;
			buildSettings = {
				ASSETCATALOG_COMPILER_APPICON_NAME = AppIcon;
				COMBINE_HIDPI_IMAGES = YES;
				GCC_FAST_MATH = NO;
				GCC_OPTIMIZATION_LEVEL = 0;
				GCC_PRECOMPILE_PREFIX_HEADER = YES;
				GCC_PREFIX_HEADER = "MotionPlanner/MotionPlanner-Prefix.pch";
				INFOPLIST_FILE = "MotionPlanner/MotionPlanner-Info.plist";
				LIBRARY_SEARCH_PATHS = (
					"$(inherited)",
					"$(USER_LIBRARY_DIR)/Developer/Xcode/DerivedData/MotionPlanner-cxydbujddbcrtoaqbivabgfpgzvs/Build/Products/Debug",
					"$(PROJECT_DIR)/MotionPlanner",
				);
				LLVM_LTO = NO;
				PRODUCT_NAME = "$(TARGET_NAME)";
				SCAN_ALL_SOURCE_FILES_FOR_INCLUDES = NO;
				USER_HEADER_SEARCH_PATHS = "../../src/**";
				WRAPPER_EXTENSION = app;
			};
			name = Debug;
		};
		D416ED6818EEEC0300993BAF /* Release */ = {
			isa = XCBuildConfiguration;
			buildSettings = {
				ASSETCATALOG_COMPILER_APPICON_NAME = AppIcon;
				COMBINE_HIDPI_IMAGES = YES;
				GCC_FAST_MATH = NO;
				GCC_OPTIMIZATION_LEVEL = fast;
				GCC_PRECOMPILE_PREFIX_HEADER = YES;
				GCC_PREFIX_HEADER = "MotionPlanner/MotionPlanner-Prefix.pch";
				INFOPLIST_FILE = "MotionPlanner/MotionPlanner-Info.plist";
				LIBRARY_SEARCH_PATHS = (
					"$(inherited)",
					"$(USER_LIBRARY_DIR)/Developer/Xcode/DerivedData/MotionPlanner-cxydbujddbcrtoaqbivabgfpgzvs/Build/Products/Debug",
					"$(PROJECT_DIR)/MotionPlanner",
				);
				LLVM_LTO = NO;
				PRODUCT_NAME = "$(TARGET_NAME)";
				SCAN_ALL_SOURCE_FILES_FOR_INCLUDES = NO;
				USER_HEADER_SEARCH_PATHS = "../../src/**";
				WRAPPER_EXTENSION = app;
			};
			name = Release;
		};
/* End XCBuildConfiguration section */

/* Begin XCConfigurationList section */
		D416ED3018EEEC0300993BAF /* Build configuration list for PBXProject "MotionPlanner" */ = {
			isa = XCConfigurationList;
			buildConfigurations = (
				D416ED6418EEEC0300993BAF /* Debug */,
				D416ED6518EEEC0300993BAF /* Release */,
			);
			defaultConfigurationIsVisible = 0;
			defaultConfigurationName = Release;
		};
		D416ED6618EEEC0300993BAF /* Build configuration list for PBXNativeTarget "MotionPlanner" */ = {
			isa = XCConfigurationList;
			buildConfigurations = (
				D416ED6718EEEC0300993BAF /* Debug */,
				D416ED6818EEEC0300993BAF /* Release */,
			);
			defaultConfigurationIsVisible = 0;
			defaultConfigurationName = Release;
		};
/* End XCConfigurationList section */
	};
	rootObject = D416ED2D18EEEC0300993BAF /* Project object */;
}
